
Microsoft Visual Studio Solution File, Format Version 12.00
# Visual Studio Version 16
VisualStudioVersion = 16.0.28606.126
MinimumVisualStudioVersion = 10.0.40219.1
Project("{FAE04EC0-301F-11D3-BF4B-00C04F79EFBC}") = "FileHelper", "FileHelper\FileHelper.csproj", "{0679727F-F233-470B-B5BC-67B0F3DB2545}"
EndProject
Project("{FAE04EC0-301F-11D3-BF4B-00C04F79EFBC}") = "FileHelper.Core", "FileHelper.Core\FileHelper.Core.csproj", "{1626369D-775A-47F9-BE21-76EA2A29EFA6}"
EndProject
Global
	GlobalSection(SolutionConfigurationPlatforms) = preSolution
		Debug|Any CPU = Debug|Any CPU
		Release|Any CPU = Release|Any CPU
	EndGlobalSection
	GlobalSection(ProjectConfigurationPlatforms) = postSolution
		{0679727F-F233-470B-B5BC-67B0F3DB2545}.Debug|Any CPU.ActiveCfg = Debug|Any CPU
		{0679727F-F233-470B-B5BC-67B0F3DB2545}.Debug|Any CPU.Build.0 = Debug|Any CPU
		{0679727F-F233-470B-B5BC-67B0F3DB2545}.Release|Any CPU.ActiveCfg = Release|Any CPU
		{0679727F-F233-470B-B5BC-67B0F3DB2545}.Release|Any CPU.Build.0 = Release|Any CPU
		{1626369D-775A-47F9-BE21-76EA2A29EFA6}.Debug|Any CPU.ActiveCfg = Debug|Any CPU
		{1626369D-775A-47F9-BE21-76EA2A29EFA6}.Debug|Any CPU.Build.0 = Debug|Any CPU
		{1626369D-775A-47F9-BE21-76EA2A29EFA6}.Release|Any CPU.ActiveCfg = Release|Any CPU
		{1626369D-775A-47F9-BE21-76EA2A29EFA6}.Release|Any CPU.Build.0 = Release|Any CPU
	EndGlobalSection
	GlobalSection(SolutionProperties) = preSolution
		HideSolutionNode = FALSE
	EndGlobalSection
	GlobalSection(ExtensibilityGlobals) = postSolution
		SolutionGuid = {512B0889-3CE1-4209-B86B-142A5181FDD2}
	EndGlobalSection
EndGlobal
